
Microsoft Visual Studio Solution File, Format Version 12.00
# Visual Studio Version 17
VisualStudioVersion = 17.13.35806.99 d17.13
MinimumVisualStudioVersion = 10.0.40219.1
Project("{888888A0-9F3D-457C-B088-3A5042F75D52}") = "21", "21.pyproj", "{6F63AEB1-D555-43E6-82FA-7FBD92396BE3}"
EndProject
Global
	GlobalSection(SolutionConfigurationPlatforms) = preSolution
		Debug|Any CPU = Debug|Any CPU
		Release|Any CPU = Release|Any CPU
	EndGlobalSection
	GlobalSection(ProjectConfigurationPlatforms) = postSolution
		{6F63AEB1-D555-43E6-82FA-7FBD92396BE3}.Debug|Any CPU.ActiveCfg = Debug|Any CPU
		{6F63AEB1-D555-43E6-82FA-7FBD92396BE3}.Release|Any CPU.ActiveCfg = Release|Any CPU
	EndGlobalSection
	GlobalSection(SolutionProperties) = preSolution
		HideSolutionNode = FALSE
	EndGlobalSection
	GlobalSection(ExtensibilityGlobals) = postSolution
		SolutionGuid = {086C4F77-1051-46B3-8579-FFD3CA09ACDA}
	EndGlobalSection
EndGlobal
